hash: 41007928c12a919a12870b7db25270bbceadc7e84a1a3027fbf30a148c7ebf04
updated: 2019-01-12T02:24:48.772908146+03:00
imports:
- name: github.com/gorilla/context
  version: 08b5f424b9271eedf6f9f0ce86cb9396ed337a42
- name: github.com/gorilla/mux
  version: e3702bed27f0d39777b0b37b664b6280e8ef8fbf
- name: github.com/gorilla/websocket
  version: 66b9c49e59c6c48f0ffce28c2d8b8a5678502c6d
testImports: []
